
Microsoft Visual Studio Solution File, Format Version 12.00
# Visual Studio Version 17
VisualStudioVersion = 17.9.34622.214
MinimumVisualStudioVersion = 10.0.40219.1
Project("{FAE04EC0-301F-11D3-BF4B-00C04F79EFBC}") = "AC2_M3UF5", "AC2_M3UF5\AC2_M3UF5.csproj", "{96B0CE3D-8C04-415A-8D1B-291CEB577046}"
EndProject
Global
	GlobalSection(SolutionConfigurationPlatforms) = preSolution
		Debug|Any CPU = Debug|Any CPU
		Release|Any CPU = Release|Any CPU
	EndGlobalSection
	GlobalSection(ProjectConfigurationPlatforms) = postSolution
		{96B0CE3D-8C04-415A-8D1B-291CEB577046}.Debug|Any CPU.ActiveCfg = Debug|Any CPU
		{96B0CE3D-8C04-415A-8D1B-291CEB577046}.Debug|Any CPU.Build.0 = Debug|Any CPU
		{96B0CE3D-8C04-415A-8D1B-291CEB577046}.Release|Any CPU.ActiveCfg = Release|Any CPU
		{96B0CE3D-8C04-415A-8D1B-291CEB577046}.Release|Any CPU.Build.0 = Release|Any CPU
	EndGlobalSection
	GlobalSection(SolutionProperties) = preSolution
		HideSolutionNode = FALSE
	EndGlobalSection
	GlobalSection(ExtensibilityGlobals) = postSolution
		SolutionGuid = {4A0364C5-6CFE-464F-8232-720D0308BCB3}
	EndGlobalSection
EndGlobal
